// !$*UTF8*$!
{
	archiveVersion = 1;
	classes = {
	};
	objectVersion = 48;
	objects = {

/* Begin PBXBuildFile section */
		6668CDC6248D1E810017D874 /* Models.swift in Sources */ = {isa = PBXBuildFile; fileRef = 6668CDC5248D1E810017D874 /* Models.swift */; };
		6668CDC7248D1E810017D874 /* Models.swift in Sources */ = {isa = PBXBuildFile; fileRef = 6668CDC5248D1E810017D874 /* Models.swift */; };
		6668CDC8248D1E810017D874 /* Models.swift in Sources */ = {isa = PBXBuildFile; fileRef = 6668CDC5248D1E810017D874 /* Models.swift */; };
		6668CDCA248D214E0017D874 /* Database.swift in Sources */ = {isa = PBXBuildFile; fileRef = 6668CDC9248D214E0017D874 /* Database.swift */; };
		6668CDCB248D214E0017D874 /* Database.swift in Sources */ = {isa = PBXBuildFile; fileRef = 6668CDC9248D214E0017D874 /* Database.swift */; };
		6668CDCC248D214E0017D874 /* Database.swift in Sources */ = {isa = PBXBuildFile; fileRef = 6668CDC9248D214E0017D874 /* Database.swift */; };
		6668CDD0248DA1650017D874 /* HostsTableViewController.swift in Sources */ = {isa = PBXBuildFile; fileRef = 6668CDCF248DA1650017D874 /* HostsTableViewController.swift */; };
		66865C7D2495A33E0041B62D /* Utilities.swift in Sources */ = {isa = PBXBuildFile; fileRef = 66865C7C2495A33E0041B62D /* Utilities.swift */; };
		66865C7F2495A5B30041B62D /* CloudKit.framework in Frameworks */ = {isa = PBXBuildFile; fileRef = 66865C7E2495A5B30041B62D /* CloudKit.framework */; };
		66865C822496BC0B0041B62D /* ToggleTableViewCell.swift in Sources */ = {isa = PBXBuildFile; fileRef = 66865C802496BC0B0041B62D /* ToggleTableViewCell.swift */; };
		66865C832496BC0B0041B62D /* ToggleTableViewCell.xib in Resources */ = {isa = PBXBuildFile; fileRef = 66865C812496BC0B0041B62D /* ToggleTableViewCell.xib */; };
		66865C852496BCD70041B62D /* SettingsTableViewController.swift in Sources */ = {isa = PBXBuildFile; fileRef = 66865C842496BCD70041B62D /* SettingsTableViewController.swift */; };
		66A0360C248DC7D300B51538 /* IndividualHostTableViewController.swift in Sources */ = {isa = PBXBuildFile; fileRef = 66A0360B248DC7D300B51538 /* IndividualHostTableViewController.swift */; };
		66B1A09C249318450010F343 /* AppTableViewCell.swift in Sources */ = {isa = PBXBuildFile; fileRef = 66B1A09B249318450010F343 /* AppTableViewCell.swift */; };
		66BB94D8248DCD4E0076D55B /* AppsTableViewController.swift in Sources */ = {isa = PBXBuildFile; fileRef = 66BB94D7248DCD4E0076D55B /* AppsTableViewController.swift */; };
		66BB94DA248DD1F20076D55B /* HostsForAppTableViewController.swift in Sources */ = {isa = PBXBuildFile; fileRef = 66BB94D9248DD1F20076D55B /* HostsForAppTableViewController.swift */; };
		66C9D33D2491DC1C009E7A94 /* RulePreloader.swift in Sources */ = {isa = PBXBuildFile; fileRef = 66C9D33C2491DC1C009E7A94 /* RulePreloader.swift */; };
		7D5FDDD71842A578DE12B9D0 /* Pods_SiftData.framework in Frameworks */ = {isa = PBXBuildFile; fileRef = D4E505A7F6101E8535301F47 /* Pods_SiftData.framework */; };
		85BC4CA82EC52A0E54158193 /* Pods_SiftControl.framework in Frameworks */ = {isa = PBXBuildFile; fileRef = 2C493B2C095ED60177E34C67 /* Pods_SiftControl.framework */; };
		9ACA5870C9DE12D0ED9B857C /* Pods_Sift.framework in Frameworks */ = {isa = PBXBuildFile; fileRef = DCA1913F3877A7F3800A3210 /* Pods_Sift.framework */; };
		FA0A6B2B20C4A41A00222EF2 /* StaticRules.swift in Sources */ = {isa = PBXBuildFile; fileRef = FABDA3CA1FFEE8B90077C681 /* StaticRules.swift */; };
		FA0A6B2D20C4A41C00222EF2 /* StaticRules.swift in Sources */ = {isa = PBXBuildFile; fileRef = FABDA3CA1FFEE8B90077C681 /* StaticRules.swift */; };
		FA68F26F1FF85A510042840D /* NEFilterFlow+Extension.swift in Sources */ = {isa = PBXBuildFile; fileRef = FA68F26E1FF85A510042840D /* NEFilterFlow+Extension.swift */; };
		FA68F2701FF85A510042840D /* NEFilterFlow+Extension.swift in Sources */ = {isa = PBXBuildFile; fileRef = FA68F26E1FF85A510042840D /* NEFilterFlow+Extension.swift */; };
		FA68F2711FF85A510042840D /* NEFilterFlow+Extension.swift in Sources */ = {isa = PBXBuildFile; fileRef = FA68F26E1FF85A510042840D /* NEFilterFlow+Extension.swift */; };
		FA68F2741FF85E190042840D /* Onboarding.storyboard in Resources */ = {isa = PBXBuildFile; fileRef = FA68F2731FF85E190042840D /* Onboarding.storyboard */; };
		FA68F2751FF85E190042840D /* Onboarding.storyboard in Resources */ = {isa = PBXBuildFile; fileRef = FA68F2731FF85E190042840D /* Onboarding.storyboard */; };
		FA68F2761FF85E190042840D /* Onboarding.storyboard in Resources */ = {isa = PBXBuildFile; fileRef = FA68F2731FF85E190042840D /* Onboarding.storyboard */; };
		FA98E6BD20C637C20010643C /* AboutController.swift in Sources */ = {isa = PBXBuildFile; fileRef = FA98E6BC20C637C20010643C /* AboutController.swift */; };
		FAA2F5451FEEF25B00FA15C4 /* AppDelegate.swift in Sources */ = {isa = PBXBuildFile; fileRef = FAA2F5441FEEF25B00FA15C4 /* AppDelegate.swift */; };
		FAA2F54A1FEEF25B00FA15C4 /* Main.storyboard in Resources */ = {isa = PBXBuildFile; fileRef = FAA2F5481FEEF25B00FA15C4 /* Main.storyboard */; };
		FAA2F54F1FEEF25B00FA15C4 /* Assets.xcassets in Resources */ = {isa = PBXBuildFile; fileRef = FAA2F54E1FEEF25B00FA15C4 /* Assets.xcassets */; };
		FAA2F5521FEEF25B00FA15C4 /* LaunchScreen.storyboard in Resources */ = {isa = PBXBuildFile; fileRef = FAA2F5501FEEF25B00FA15C4 /* LaunchScreen.storyboard */; };
		FAA2F55F1FEEF36E00FA15C4 /* NetworkExtension.framework in Frameworks */ = {isa = PBXBuildFile; fileRef = FAA2F55E1FEEF36E00FA15C4 /* NetworkExtension.framework */; };
		FAA2F5671FEEF51200FA15C4 /* FilterDataProvider.swift in Sources */ = {isa = PBXBuildFile; fileRef = FAA2F5661FEEF51200FA15C4 /* FilterDataProvider.swift */; };
		FAA2F56C1FEEF51200FA15C4 /* SiftData.appex in Embed App Extensions */ = {isa = PBXBuildFile; fileRef = FAA2F5641FEEF51100FA15C4 /* SiftData.appex */; settings = {ATTRIBUTES = (RemoveHeadersOnCopy, ); }; };
		FAA2F5711FEEF51D00FA15C4 /* NetworkExtension.framework in Frameworks */ = {isa = PBXBuildFile; fileRef = FAA2F55E1FEEF36E00FA15C4 /* NetworkExtension.framework */; };
		FAA2F5791FEEF53000FA15C4 /* FilterControlProvider.swift in Sources */ = {isa = PBXBuildFile; fileRef = FAA2F5781FEEF53000FA15C4 /* FilterControlProvider.swift */; };
		FAA2F57E1FEEF53000FA15C4 /* SiftControl.appex in Embed App Extensions */ = {isa = PBXBuildFile; fileRef = FAA2F5761FEEF53000FA15C4 /* SiftControl.appex */; settings = {ATTRIBUTES = (RemoveHeadersOnCopy, ); }; };
		FAA2F5821FEEF53C00FA15C4 /* NetworkExtension.framework in Frameworks */ = {isa = PBXBuildFile; fileRef = FAA2F55E1FEEF36E00FA15C4 /* NetworkExtension.framework */; };
		FAA2F59D1FEEF7F700FA15C4 /* FiraMono-Medium.ttf in Resources */ = {isa = PBXBuildFile; fileRef = FAA2F5851FEEF7F700FA15C4 /* FiraMono-Medium.ttf */; };
		FAA2F59E1FEEF7F700FA15C4 /* FiraMono-Regular.ttf in Resources */ = {isa = PBXBuildFile; fileRef = FAA2F5861FEEF7F700FA15C4 /* FiraMono-Regular.ttf */; };
		FAA2F59F1FEEF7F700FA15C4 /* OFL.txt in Resources */ = {isa = PBXBuildFile; fileRef = FAA2F5871FEEF7F700FA15C4 /* OFL.txt */; };
		FAA2F5A01FEEF7F700FA15C4 /* FiraMono-Bold.ttf in Resources */ = {isa = PBXBuildFile; fileRef = FAA2F5881FEEF7F700FA15C4 /* FiraMono-Bold.ttf */; };
		FAA2F5A41FEEF7F700FA15C4 /* FiraSans-Medium.ttf in Resources */ = {isa = PBXBuildFile; fileRef = FAA2F58D1FEEF7F700FA15C4 /* FiraSans-Medium.ttf */; };
		FAA2F5A61FEEF7F700FA15C4 /* FiraSans-Bold.ttf in Resources */ = {isa = PBXBuildFile; fileRef = FAA2F58F1FEEF7F700FA15C4 /* FiraSans-Bold.ttf */; };
		FAA2F5B21FEEF7F700FA15C4 /* FiraSans-Regular.ttf in Resources */ = {isa = PBXBuildFile; fileRef = FAA2F59B1FEEF7F700FA15C4 /* FiraSans-Regular.ttf */; };
		FAA2F5B61FEF071100FA15C4 /* Rule.swift in Sources */ = {isa = PBXBuildFile; fileRef = FAA2F5B51FEF071100FA15C4 /* Rule.swift */; };
		FAA2F5B71FEF071100FA15C4 /* Rule.swift in Sources */ = {isa = PBXBuildFile; fileRef = FAA2F5B51FEF071100FA15C4 /* Rule.swift */; };
		FAA2F5B81FEF071100FA15C4 /* Rule.swift in Sources */ = {isa = PBXBuildFile; fileRef = FAA2F5B51FEF071100FA15C4 /* Rule.swift */; };
		FAA2F5BA1FEF0FB700FA15C4 /* UIViewController+Util.swift in Sources */ = {isa = PBXBuildFile; fileRef = FAA2F5B91FEF0FB700FA15C4 /* UIViewController+Util.swift */; };
		FAA2F5C51FEF6FD100FA15C4 /* Constants.swift in Sources */ = {isa = PBXBuildFile; fileRef = FAA2F5C41FEF6FD100FA15C4 /* Constants.swift */; };
		FAA2F5C61FEF6FD100FA15C4 /* Constants.swift in Sources */ = {isa = PBXBuildFile; fileRef = FAA2F5C41FEF6FD100FA15C4 /* Constants.swift */; };
		FAA2F5C71FEF6FD100FA15C4 /* Constants.swift in Sources */ = {isa = PBXBuildFile; fileRef = FAA2F5C41FEF6FD100FA15C4 /* Constants.swift */; };
		FAA2F5D61FEF738C00FA15C4 /* Notification.swift in Sources */ = {isa = PBXBuildFile; fileRef = FAA2F5D51FEF738C00FA15C4 /* Notification.swift */; };
		FAA2F5FC1FF569DB00FA15C4 /* Resources.swift in Sources */ = {isa = PBXBuildFile; fileRef = FAA2F5FB1FF569DB00FA15C4 /* Resources.swift */; };
		FABDA3C91FFEE1940077C681 /* OnboardingController.swift in Sources */ = {isa = PBXBuildFile; fileRef = FABDA3C81FFEE1940077C681 /* OnboardingController.swift */; };
		FABDA3CB1FFEE8B90077C681 /* StaticRules.swift in Sources */ = {isa = PBXBuildFile; fileRef = FABDA3CA1FFEE8B90077C681 /* StaticRules.swift */; };
/* End PBXBuildFile section */

/* Begin PBXContainerItemProxy section */
		FAA2F56A1FEEF51200FA15C4 /* PBXContainerItemProxy */ = {
			isa = PBXContainerItemProxy;
			containerPortal = FAA2F5391FEEF25B00FA15C4 /* Project object */;
			proxyType = 1;
			remoteGlobalIDString = FAA2F5631FEEF51100FA15C4;
			remoteInfo = SiftData;
		};
		FAA2F57C1FEEF53000FA15C4 /* PBXContainerItemProxy */ = {
			isa = PBXContainerItemProxy;
			containerPortal = FAA2F5391FEEF25B00FA15C4 /* Project object */;
			proxyType = 1;
			remoteGlobalIDString = FAA2F5751FEEF53000FA15C4;
			remoteInfo = SiftControl;
		};
		FAA2F6391FF57DA700FA15C4 /* PBXContainerItemProxy */ = {
			isa = PBXContainerItemProxy;
			containerPortal = FAA2F6171FF57DA700FA15C4 /* Example.xcodeproj */;
			proxyType = 2;
			remoteGlobalIDString = 4D44D2871971627700EC5FDB;
			remoteInfo = Example;
		};
		FAA2F63B1FF57DA700FA15C4 /* PBXContainerItemProxy */ = {
			isa = PBXContainerItemProxy;
			containerPortal = FAA2F6171FF57DA700FA15C4 /* Example.xcodeproj */;
			proxyType = 2;
			remoteGlobalIDString = 4DC91F981A7C54B200C81E10;
			remoteInfo = "AwesomeCache-iOS";
		};
		FAA2F63D1FF57DA700FA15C4 /* PBXContainerItemProxy */ = {
			isa = PBXContainerItemProxy;
			containerPortal = FAA2F6171FF57DA700FA15C4 /* Example.xcodeproj */;
			proxyType = 2;
			remoteGlobalIDString = 4DC91FA21A7C54B200C81E10;
			remoteInfo = AwesomeCacheTests;
		};
		FAA2F63F1FF57DA700FA15C4 /* PBXContainerItemProxy */ = {
			isa = PBXContainerItemProxy;
			containerPortal = FAA2F6171FF57DA700FA15C4 /* Example.xcodeproj */;
			proxyType = 2;
			remoteGlobalIDString = 4D81D4821C416F3C009A66A7;
			remoteInfo = "AwesomeCache-watchOS";
		};
		FAA2F6411FF57DA700FA15C4 /* PBXContainerItemProxy */ = {
			isa = PBXContainerItemProxy;
			containerPortal = FAA2F6171FF57DA700FA15C4 /* Example.xcodeproj */;
			proxyType = 2;
			remoteGlobalIDString = 4D81D48F1C416F6F009A66A7;
			remoteInfo = "AwesomeCache-tvOS";
		};
/* End PBXContainerItemProxy section */

/* Begin PBXCopyFilesBuildPhase section */
		FAA2F5701FEEF51200FA15C4 /* Embed App Extensions */ = {
			isa = PBXCopyFilesBuildPhase;
			buildActionMask = 2147483647;
			dstPath = "";
			dstSubfolderSpec = 13;
			files = (
				FAA2F57E1FEEF53000FA15C4 /* SiftControl.appex in Embed App Extensions */,
				FAA2F56C1FEEF51200FA15C4 /* SiftData.appex in Embed App Extensions */,
			);
			name = "Embed App Extensions";
			runOnlyForDeploymentPostprocessing = 0;
		};
		FAA2F6521FF594B300FA15C4 /* Embed Frameworks */ = {
			isa = PBXCopyFilesBuildPhase;
			buildActionMask = 2147483647;
			dstPath = "";
			dstSubfolderSpec = 10;
			files = (
			);
			name = "Embed Frameworks";
			runOnlyForDeploymentPostprocessing = 0;
		};
/* End PBXCopyFilesBuildPhase section */

/* Begin PBXFileReference section */
		2C493B2C095ED60177E34C67 /* Pods_SiftControl.framework */ = {isa = PBXFileReference; explicitFileType = wrapper.framework; includeInIndex = 0; path = Pods_SiftControl.framework; sourceTree = BUILT_PRODUCTS_DIR; };
		3DF01AFADC90A6F505CFC4C0 /* Pods-SiftData.debug.xcconfig */ = {isa = PBXFileReference; includeInIndex = 1; lastKnownFileType = text.xcconfig; name = "Pods-SiftData.debug.xcconfig"; path = "Pods/Target Support Files/Pods-SiftData/Pods-SiftData.debug.xcconfig"; sourceTree = "<group>"; };
		4459E50C3EA1C3965DFC7094 /* Pods-SiftControl.release.xcconfig */ = {isa = PBXFileReference; includeInIndex = 1; lastKnownFileType = text.xcconfig; name = "Pods-SiftControl.release.xcconfig"; path = "Pods/Target Support Files/Pods-SiftControl/Pods-SiftControl.release.xcconfig"; sourceTree = "<group>"; };
		6668CDC5248D1E810017D874 /* Models.swift */ = {isa = PBXFileReference; lastKnownFileType = sourcecode.swift; path = Models.swift; sourceTree = "<group>"; };
		6668CDC9248D214E0017D874 /* Database.swift */ = {isa = PBXFileReference; lastKnownFileType = sourcecode.swift; path = Database.swift; sourceTree = "<group>"; };
		6668CDCF248DA1650017D874 /* HostsTableViewController.swift */ = {isa = PBXFileReference; lastKnownFileType = sourcecode.swift; path = HostsTableViewController.swift; sourceTree = "<group>"; };
		66865C7C2495A33E0041B62D /* Utilities.swift */ = {isa = PBXFileReference; lastKnownFileType = sourcecode.swift; path = Utilities.swift; sourceTree = "<group>"; };
		66865C7E2495A5B30041B62D /* CloudKit.framework */ = {isa = PBXFileReference; lastKnownFileType = wrapper.framework; name = CloudKit.framework; path = System/Library/Frameworks/CloudKit.framework; sourceTree = SDKROOT; };
		66865C802496BC0B0041B62D /* ToggleTableViewCell.swift */ = {isa = PBXFileReference; lastKnownFileType = sourcecode.swift; path = ToggleTableViewCell.swift; sourceTree = "<group>"; };
		66865C812496BC0B0041B62D /* ToggleTableViewCell.xib */ = {isa = PBXFileReference; lastKnownFileType = file.xib; path = ToggleTableViewCell.xib; sourceTree = "<group>"; };
		66865C842496BCD70041B62D /* SettingsTableViewController.swift */ = {isa = PBXFileReference; lastKnownFileType = sourcecode.swift; path = SettingsTableViewController.swift; sourceTree = "<group>"; };
		66A0360B248DC7D300B51538 /* IndividualHostTableViewController.swift */ = {isa = PBXFileReference; lastKnownFileType = sourcecode.swift; path = IndividualHostTableViewController.swift; sourceTree = "<group>"; };
		66B1A09B249318450010F343 /* AppTableViewCell.swift */ = {isa = PBXFileReference; lastKnownFileType = sourcecode.swift; path = AppTableViewCell.swift; sourceTree = "<group>"; };
		66BB94D7248DCD4E0076D55B /* AppsTableViewController.swift */ = {isa = PBXFileReference; lastKnownFileType = sourcecode.swift; path = AppsTableViewController.swift; sourceTree = "<group>"; };
		66BB94D9248DD1F20076D55B /* HostsForAppTableViewController.swift */ = {isa = PBXFileReference; lastKnownFileType = sourcecode.swift; path = HostsForAppTableViewController.swift; sourceTree = "<group>"; };
		66C9D33C2491DC1C009E7A94 /* RulePreloader.swift */ = {isa = PBXFileReference; lastKnownFileType = sourcecode.swift; path = RulePreloader.swift; sourceTree = "<group>"; };
		83CD9F2BE075272985826410 /* Pods-Sift.release.xcconfig */ = {isa = PBXFileReference; includeInIndex = 1; lastKnownFileType = text.xcconfig; name = "Pods-Sift.release.xcconfig"; path = "Pods/Target Support Files/Pods-Sift/Pods-Sift.release.xcconfig"; sourceTree = "<group>"; };
		8A2FA62BA6764FA6D914B8DD /* Pods-SiftControl.debug.xcconfig */ = {isa = PBXFileReference; includeInIndex = 1; lastKnownFileType = text.xcconfig; name = "Pods-SiftControl.debug.xcconfig"; path = "Pods/Target Support Files/Pods-SiftControl/Pods-SiftControl.debug.xcconfig"; sourceTree = "<group>"; };
		B2E2BBD1CE87C93E9193A6F8 /* Pods-Sift.debug.xcconfig */ = {isa = PBXFileReference; includeInIndex = 1; lastKnownFileType = text.xcconfig; name = "Pods-Sift.debug.xcconfig"; path = "Pods/Target Support Files/Pods-Sift/Pods-Sift.debug.xcconfig"; sourceTree = "<group>"; };
		D4E505A7F6101E8535301F47 /* Pods_SiftData.framework */ = {isa = PBXFileReference; explicitFileType = wrapper.framework; includeInIndex = 0; path = Pods_SiftData.framework; sourceTree = BUILT_PRODUCTS_DIR; };
		DADCE87BE10AE8977D9D3DE9 /* Pods-SiftData.release.xcconfig */ = {isa = PBXFileReference; includeInIndex = 1; lastKnownFileType = text.xcconfig; name = "Pods-SiftData.release.xcconfig"; path = "Pods/Target Support Files/Pods-SiftData/Pods-SiftData.release.xcconfig"; sourceTree = "<group>"; };
		DCA1913F3877A7F3800A3210 /* Pods_Sift.framework */ = {isa = PBXFileReference; explicitFileType = wrapper.framework; includeInIndex = 0; path = Pods_Sift.framework; sourceTree = BUILT_PRODUCTS_DIR; };
		FA68F26E1FF85A510042840D /* NEFilterFlow+Extension.swift */ = {isa = PBXFileReference; lastKnownFileType = sourcecode.swift; path = "NEFilterFlow+Extension.swift"; sourceTree = "<group>"; };
		FA68F2731FF85E190042840D /* Onboarding.storyboard */ = {isa = PBXFileReference; lastKnownFileType = file.storyboard; path = Onboarding.storyboard; sourceTree = "<group>"; };
		FA98E6BC20C637C20010643C /* AboutController.swift */ = {isa = PBXFileReference; lastKnownFileType = sourcecode.swift; path = AboutController.swift; sourceTree = "<group>"; };
		FAA2F5411FEEF25B00FA15C4 /* Sift.app */ = {isa = PBXFileReference; explicitFileType = wrapper.application; includeInIndex = 0; path = Sift.app; sourceTree = BUILT_PRODUCTS_DIR; };
		FAA2F5441FEEF25B00FA15C4 /* AppDelegate.swift */ = {isa = PBXFileReference; lastKnownFileType = sourcecode.swift; path = AppDelegate.swift; sourceTree = "<group>"; };
		FAA2F5491FEEF25B00FA15C4 /* Base */ = {isa = PBXFileReference; lastKnownFileType = file.storyboard; name = Base; path = Base.lproj/Main.storyboard; sourceTree = "<group>"; };
		FAA2F54E1FEEF25B00FA15C4 /* Assets.xcassets */ = {isa = PBXFileReference; lastKnownFileType = folder.assetcatalog; path = Assets.xcassets; sourceTree = "<group>"; };
		FAA2F5511FEEF25B00FA15C4 /* Base */ = {isa = PBXFileReference; lastKnownFileType = file.storyboard; name = Base; path = Base.lproj/LaunchScreen.storyboard; sourceTree = "<group>"; };
		FAA2F5531FEEF25B00FA15C4 /* Info.plist */ = {isa = PBXFileReference; lastKnownFileType = text.plist.xml; path = Info.plist; sourceTree = "<group>"; };
		FAA2F55C1FEEF34C00FA15C4 /* Sift.entitlements */ = {isa = PBXFileReference; lastKnownFileType = text.plist.entitlements; path = Sift.entitlements; sourceTree = "<group>"; };
		FAA2F55E1FEEF36E00FA15C4 /* NetworkExtension.framework */ = {isa = PBXFileReference; lastKnownFileType = wrapper.framework; name = NetworkExtension.framework; path = System/Library/Frameworks/NetworkExtension.framework; sourceTree = SDKROOT; };
		FAA2F5641FEEF51100FA15C4 /* SiftData.appex */ = {isa = PBXFileReference; explicitFileType = "wrapper.app-extension"; includeInIndex = 0; path = SiftData.appex; sourceTree = BUILT_PRODUCTS_DIR; };
		FAA2F5661FEEF51200FA15C4 /* FilterDataProvider.swift */ = {isa = PBXFileReference; lastKnownFileType = sourcecode.swift; path = FilterDataProvider.swift; sourceTree = "<group>"; };
		FAA2F5681FEEF51200FA15C4 /* Info.plist */ = {isa = PBXFileReference; lastKnownFileType = text.plist.xml; path = Info.plist; sourceTree = "<group>"; };
		FAA2F5691FEEF51200FA15C4 /* SiftData.entitlements */ = {isa = PBXFileReference; lastKnownFileType = text.plist.entitlements; path = SiftData.entitlements; sourceTree = "<group>"; };
		FAA2F5761FEEF53000FA15C4 /* SiftControl.appex */ = {isa = PBXFileReference; explicitFileType = "wrapper.app-extension"; includeInIndex = 0; path = SiftControl.appex; sourceTree = BUILT_PRODUCTS_DIR; };
		FAA2F5781FEEF53000FA15C4 /* FilterControlProvider.swift */ = {isa = PBXFileReference; lastKnownFileType = sourcecode.swift; path = FilterControlProvider.swift; sourceTree = "<group>"; };
		FAA2F57A1FEEF53000FA15C4 /* Info.plist */ = {isa = PBXFileReference; lastKnownFileType = text.plist.xml; path = Info.plist; sourceTree = "<group>"; };
		FAA2F57B1FEEF53000FA15C4 /* SiftControl.entitlements */ = {isa = PBXFileReference; lastKnownFileType = text.plist.entitlements; path = SiftControl.entitlements; sourceTree = "<group>"; };
		FAA2F5851FEEF7F700FA15C4 /* FiraMono-Medium.ttf */ = {isa = PBXFileReference; lastKnownFileType = file; path = "FiraMono-Medium.ttf"; sourceTree = "<group>"; };
		FAA2F5861FEEF7F700FA15C4 /* FiraMono-Regular.ttf */ = {isa = PBXFileReference; lastKnownFileType = file; path = "FiraMono-Regular.ttf"; sourceTree = "<group>"; };
		FAA2F5871FEEF7F700FA15C4 /* OFL.txt */ = {isa = PBXFileReference; fileEncoding = 4; lastKnownFileType = text; path = OFL.txt; sourceTree = "<group>"; };
		FAA2F5881FEEF7F700FA15C4 /* FiraMono-Bold.ttf */ = {isa = PBXFileReference; lastKnownFileType = file; path = "FiraMono-Bold.ttf"; sourceTree = "<group>"; };
		FAA2F58D1FEEF7F700FA15C4 /* FiraSans-Medium.ttf */ = {isa = PBXFileReference; lastKnownFileType = file; path = "FiraSans-Medium.ttf"; sourceTree = "<group>"; };
		FAA2F58F1FEEF7F700FA15C4 /* FiraSans-Bold.ttf */ = {isa = PBXFileReference; lastKnownFileType = file; path = "FiraSans-Bold.ttf"; sourceTree = "<group>"; };
		FAA2F5961FEEF7F700FA15C4 /* OFL.txt */ = {isa = PBXFileReference; fileEncoding = 4; lastKnownFileType = text; path = OFL.txt; sourceTree = "<group>"; };
		FAA2F59B1FEEF7F700FA15C4 /* FiraSans-Regular.ttf */ = {isa = PBXFileReference; lastKnownFileType = file; path = "FiraSans-Regular.ttf"; sourceTree = "<group>"; };
		FAA2F5B51FEF071100FA15C4 /* Rule.swift */ = {isa = PBXFileReference; lastKnownFileType = sourcecode.swift; path = Rule.swift; sourceTree = "<group>"; };
		FAA2F5B91FEF0FB700FA15C4 /* UIViewController+Util.swift */ = {isa = PBXFileReference; lastKnownFileType = sourcecode.swift; path = "UIViewController+Util.swift"; sourceTree = "<group>"; };
		FAA2F5C41FEF6FD100FA15C4 /* Constants.swift */ = {isa = PBXFileReference; lastKnownFileType = sourcecode.swift; path = Constants.swift; sourceTree = "<group>"; };
		FAA2F5D51FEF738C00FA15C4 /* Notification.swift */ = {isa = PBXFileReference; lastKnownFileType = sourcecode.swift; path = Notification.swift; sourceTree = "<group>"; };
		FAA2F5DE1FF48E9500FA15C4 /* UserNotifications.framework */ = {isa = PBXFileReference; lastKnownFileType = wrapper.framework; name = UserNotifications.framework; path = System/Library/Frameworks/UserNotifications.framework; sourceTree = SDKROOT; };
		FAA2F5E01FF48E9500FA15C4 /* UserNotificationsUI.framework */ = {isa = PBXFileReference; lastKnownFileType = wrapper.framework; name = UserNotificationsUI.framework; path = System/Library/Frameworks/UserNotificationsUI.framework; sourceTree = SDKROOT; };
		FAA2F5FB1FF569DB00FA15C4 /* Resources.swift */ = {isa = PBXFileReference; lastKnownFileType = sourcecode.swift; path = Resources.swift; sourceTree = "<group>"; };
		FAA2F6171FF57DA700FA15C4 /* Example.xcodeproj */ = {isa = PBXFileReference; lastKnownFileType = "wrapper.pb-project"; path = Example.xcodeproj; sourceTree = "<group>"; };
		FAA2F61B1FF57DA700FA15C4 /* AwesomeCacheTests.swift */ = {isa = PBXFileReference; lastKnownFileType = sourcecode.swift; path = AwesomeCacheTests.swift; sourceTree = "<group>"; };
		FAA2F61C1FF57DA700FA15C4 /* Info.plist */ = {isa = PBXFileReference; lastKnownFileType = text.plist.xml; path = Info.plist; sourceTree = "<group>"; };
		FAA2F61D1FF57DA700FA15C4 /* LICENSE */ = {isa = PBXFileReference; lastKnownFileType = text; path = LICENSE; sourceTree = "<group>"; };
		FAA2F61F1FF57DA700FA15C4 /* ViewController.swift */ = {isa = PBXFileReference; lastKnownFileType = sourcecode.swift; path = ViewController.swift; sourceTree = "<group>"; };
		FAA2F6201FF57DA700FA15C4 /* CacheObject.swift */ = {isa = PBXFileReference; lastKnownFileType = sourcecode.swift; path = CacheObject.swift; sourceTree = "<group>"; };
		FAA2F6221FF57DA700FA15C4 /* Base */ = {isa = PBXFileReference; lastKnownFileType = file.xib; name = Base; path = Base.lproj/LaunchScreen.xib; sourceTree = "<group>"; };
		FAA2F6241FF57DA700FA15C4 /* Base */ = {isa = PBXFileReference; lastKnownFileType = file.storyboard; name = Base; path = Base.lproj/Main.storyboard; sourceTree = "<group>"; };
		FAA2F6251FF57DA700FA15C4 /* Cache.swift */ = {isa = PBXFileReference; lastKnownFileType = sourcecode.swift; path = Cache.swift; sourceTree = "<group>"; };
		FAA2F6261FF57DA700FA15C4 /* Images.xcassets */ = {isa = PBXFileReference; lastKnownFileType = folder.assetcatalog; path = Images.xcassets; sourceTree = "<group>"; };
		FAA2F6271FF57DA700FA15C4 /* AppDelegate.swift */ = {isa = PBXFileReference; lastKnownFileType = sourcecode.swift; path = AppDelegate.swift; sourceTree = "<group>"; };
		FAA2F6281FF57DA700FA15C4 /* Info.plist */ = {isa = PBXFileReference; lastKnownFileType = text.plist.xml; path = Info.plist; sourceTree = "<group>"; };
		FAA2F6291FF57DA700FA15C4 /* AwesomeCache.podspec */ = {isa = PBXFileReference; lastKnownFileType = text; path = AwesomeCache.podspec; sourceTree = "<group>"; };
		FAA2F62A1FF57DA700FA15C4 /* README.md */ = {isa = PBXFileReference; lastKnownFileType = net.daringfireball.markdown; path = README.md; sourceTree = "<group>"; };
		FAA2F62C1FF57DA700FA15C4 /* NSKeyedUnarchiverWrapper.h */ = {isa = PBXFileReference; lastKnownFileType = sourcecode.c.h; path = NSKeyedUnarchiverWrapper.h; sourceTree = "<group>"; };
		FAA2F62D1FF57DA700FA15C4 /* CacheObject.swift */ = {isa = PBXFileReference; lastKnownFileType = sourcecode.swift; path = CacheObject.swift; sourceTree = "<group>"; };
		FAA2F62E1FF57DA700FA15C4 /* AwesomeCache.h */ = {isa = PBXFileReference; lastKnownFileType = sourcecode.c.h; path = AwesomeCache.h; sourceTree = "<group>"; };
		FAA2F62F1FF57DA700FA15C4 /* Cache.swift */ = {isa = PBXFileReference; lastKnownFileType = sourcecode.swift; path = Cache.swift; sourceTree = "<group>"; };
		FAA2F6301FF57DA700FA15C4 /* NSKeyedUnarchiverWrapper.m */ = {isa = PBXFileReference; lastKnownFileType = sourcecode.c.objc; path = NSKeyedUnarchiverWrapper.m; sourceTree = "<group>"; };
		FAA2F6311FF57DA700FA15C4 /* Info.plist */ = {isa = PBXFileReference; lastKnownFileType = text.plist.xml; path = Info.plist; sourceTree = "<group>"; };
		FAA2F6321FF57DA700FA15C4 /* .gitignore */ = {isa = PBXFileReference; lastKnownFileType = text; path = .gitignore; sourceTree = "<group>"; };
		FAA2F6331FF57DA700FA15C4 /* .travis.yml */ = {isa = PBXFileReference; lastKnownFileType = text; path = .travis.yml; sourceTree = "<group>"; };
		FABDA3C81FFEE1940077C681 /* OnboardingController.swift */ = {isa = PBXFileReference; lastKnownFileType = sourcecode.swift; path = OnboardingController.swift; sourceTree = "<group>"; };
		FABDA3CA1FFEE8B90077C681 /* StaticRules.swift */ = {isa = PBXFileReference; lastKnownFileType = sourcecode.swift; path = StaticRules.swift; sourceTree = "<group>"; };
/* End PBXFileReference section */

/* Begin PBXFrameworksBuildPhase section */
		FAA2F53E1FEEF25B00FA15C4 /* Frameworks */ = {
			isa = PBXFrameworksBuildPhase;
			buildActionMask = 2147483647;
			files = (
				66865C7F2495A5B30041B62D /* CloudKit.framework in Frameworks */,
				FAA2F55F1FEEF36E00FA15C4 /* NetworkExtension.framework in Frameworks */,
				9ACA5870C9DE12D0ED9B857C /* Pods_Sift.framework in Frameworks */,
			);
			runOnlyForDeploymentPostprocessing = 0;
		};
		FAA2F5611FEEF51100FA15C4 /* Frameworks */ = {
			isa = PBXFrameworksBuildPhase;
			buildActionMask = 2147483647;
			files = (
				FAA2F5711FEEF51D00FA15C4 /* NetworkExtension.framework in Frameworks */,
				7D5FDDD71842A578DE12B9D0 /* Pods_SiftData.framework in Frameworks */,
			);
			runOnlyForDeploymentPostprocessing = 0;
		};
		FAA2F5731FEEF53000FA15C4 /* Frameworks */ = {
			isa = PBXFrameworksBuildPhase;
			buildActionMask = 2147483647;
			files = (
				FAA2F5821FEEF53C00FA15C4 /* NetworkExtension.framework in Frameworks */,
				85BC4CA82EC52A0E54158193 /* Pods_SiftControl.framework in Frameworks */,
			);
			runOnlyForDeploymentPostprocessing = 0;
		};
/* End PBXFrameworksBuildPhase section */

/* Begin PBXGroup section */
		66865C862496BEFC0041B62D /* Settings */ = {
			isa = PBXGroup;
			children = (
				66865C842496BCD70041B62D /* SettingsTableViewController.swift */,
			);
			path = Settings;
			sourceTree = "<group>";
		};
		66865C872496BF0C0041B62D /* Cells */ = {
			isa = PBXGroup;
			children = (
				66865C802496BC0B0041B62D /* ToggleTableViewCell.swift */,
				66865C812496BC0B0041B62D /* ToggleTableViewCell.xib */,
			);
			path = Cells;
			sourceTree = "<group>";
		};
		66AD3390248D1D2D007DC94B /* Data */ = {
			isa = PBXGroup;
			children = (
				6668CDC5248D1E810017D874 /* Models.swift */,
				6668CDC9248D214E0017D874 /* Database.swift */,
				66C9D33C2491DC1C009E7A94 /* RulePreloader.swift */,
			);
			path = Data;
			sourceTree = "<group>";
		};
		66B1A09D249403080010F343 /* Apps */ = {
			isa = PBXGroup;
			children = (
				66BB94D7248DCD4E0076D55B /* AppsTableViewController.swift */,
				66BB94D9248DD1F20076D55B /* HostsForAppTableViewController.swift */,
				66B1A09B249318450010F343 /* AppTableViewCell.swift */,
			);
			path = Apps;
			sourceTree = "<group>";
		};
		66B1A09E249403120010F343 /* Hosts */ = {
			isa = PBXGroup;
			children = (
				6668CDCF248DA1650017D874 /* HostsTableViewController.swift */,
				66A0360B248DC7D300B51538 /* IndividualHostTableViewController.swift */,
			);
			path = Hosts;
			sourceTree = "<group>";
		};
		66B1A09F2494035B0010F343 /* Old */ = {
			isa = PBXGroup;
			children = (
				FA98E6BC20C637C20010643C /* AboutController.swift */,
				FAA2F5B91FEF0FB700FA15C4 /* UIViewController+Util.swift */,
			);
			path = Old;
			sourceTree = "<group>";
		};
		8C13BFCC3C3DB28474018386 /* Pods */ = {
			isa = PBXGroup;
			children = (
				B2E2BBD1CE87C93E9193A6F8 /* Pods-Sift.debug.xcconfig */,
				83CD9F2BE075272985826410 /* Pods-Sift.release.xcconfig */,
				8A2FA62BA6764FA6D914B8DD /* Pods-SiftControl.debug.xcconfig */,
				4459E50C3EA1C3965DFC7094 /* Pods-SiftControl.release.xcconfig */,
				3DF01AFADC90A6F505CFC4C0 /* Pods-SiftData.debug.xcconfig */,
				DADCE87BE10AE8977D9D3DE9 /* Pods-SiftData.release.xcconfig */,
			);
			name = Pods;
			sourceTree = "<group>";
		};
		FAA2F5381FEEF25B00FA15C4 = {
			isa = PBXGroup;
			children = (
				FAA2F5431FEEF25B00FA15C4 /* Sift */,
				FAA2F5651FEEF51200FA15C4 /* SiftData */,
				FAA2F5771FEEF53000FA15C4 /* SiftControl */,
				FAA2F5421FEEF25B00FA15C4 /* Products */,
				FAA2F55D1FEEF36E00FA15C4 /* Frameworks */,
				8C13BFCC3C3DB28474018386 /* Pods */,
			);
			sourceTree = "<group>";
		};
		FAA2F5421FEEF25B00FA15C4 /* Products */ = {
			isa = PBXGroup;
			children = (
				FAA2F5411FEEF25B00FA15C4 /* Sift.app */,
				FAA2F5641FEEF51100FA15C4 /* SiftData.appex */,
				FAA2F5761FEEF53000FA15C4 /* SiftControl.appex */,
			);
			name = Products;
			sourceTree = "<group>";
		};
		FAA2F5431FEEF25B00FA15C4 /* Sift */ = {
			isa = PBXGroup;
			children = (
				66AD3390248D1D2D007DC94B /* Data */,
				FAA2F55C1FEEF34C00FA15C4 /* Sift.entitlements */,
				FAA2F5531FEEF25B00FA15C4 /* Info.plist */,
				FAA2F5441FEEF25B00FA15C4 /* AppDelegate.swift */,
				FAA2F5C41FEF6FD100FA15C4 /* Constants.swift */,
				FAA2F5D51FEF738C00FA15C4 /* Notification.swift */,
				FAA2F5B41FEF06F100FA15C4 /* Core */,
				FAA2F55A1FEEF2EE00FA15C4 /* Controllers */,
				FAA2F5591FEEF2E800FA15C4 /* UX */,
				FAA2F54E1FEEF25B00FA15C4 /* Assets.xcassets */,
				FAA2F5831FEEF7D800FA15C4 /* Fonts */,
			);
			path = Sift;
			sourceTree = "<group>";
		};
		FAA2F5591FEEF2E800FA15C4 /* UX */ = {
			isa = PBXGroup;
			children = (
				FAA2F5FB1FF569DB00FA15C4 /* Resources.swift */,
				FAA2F5501FEEF25B00FA15C4 /* LaunchScreen.storyboard */,
				FA68F2731FF85E190042840D /* Onboarding.storyboard */,
				FAA2F5481FEEF25B00FA15C4 /* Main.storyboard */,
				66865C872496BF0C0041B62D /* Cells */,
			);
			path = UX;
			sourceTree = "<group>";
		};
		FAA2F55A1FEEF2EE00FA15C4 /* Controllers */ = {
			isa = PBXGroup;
			children = (
				FABDA3C81FFEE1940077C681 /* OnboardingController.swift */,
				66B1A09E249403120010F343 /* Hosts */,
				66B1A09D249403080010F343 /* Apps */,
				66B1A09F2494035B0010F343 /* Old */,
				66865C862496BEFC0041B62D /* Settings */,
			);
			path = Controllers;
			sourceTree = "<group>";
		};
		FAA2F55D1FEEF36E00FA15C4 /* Frameworks */ = {
			isa = PBXGroup;
			children = (
				66865C7E2495A5B30041B62D /* CloudKit.framework */,
				FAA2F6161FF57DA700FA15C4 /* AwesomeCache */,
				FAA2F55E1FEEF36E00FA15C4 /* NetworkExtension.framework */,
				FAA2F5DE1FF48E9500FA15C4 /* UserNotifications.framework */,
				FAA2F5E01FF48E9500FA15C4 /* UserNotificationsUI.framework */,
				DCA1913F3877A7F3800A3210 /* Pods_Sift.framework */,
				2C493B2C095ED60177E34C67 /* Pods_SiftControl.framework */,
				D4E505A7F6101E8535301F47 /* Pods_SiftData.framework */,
			);
			name = Frameworks;
			sourceTree = "<group>";
		};
		FAA2F5651FEEF51200FA15C4 /* SiftData */ = {
			isa = PBXGroup;
			children = (
				FAA2F5661FEEF51200FA15C4 /* FilterDataProvider.swift */,
				FAA2F5681FEEF51200FA15C4 /* Info.plist */,
				FAA2F5691FEEF51200FA15C4 /* SiftData.entitlements */,
			);
			path = SiftData;
			sourceTree = "<group>";
		};
		FAA2F5771FEEF53000FA15C4 /* SiftControl */ = {
			isa = PBXGroup;
			children = (
				FAA2F5781FEEF53000FA15C4 /* FilterControlProvider.swift */,
				FAA2F57A1FEEF53000FA15C4 /* Info.plist */,
				FAA2F57B1FEEF53000FA15C4 /* SiftControl.entitlements */,
			);
			path = SiftControl;
			sourceTree = "<group>";
		};
		FAA2F5831FEEF7D800FA15C4 /* Fonts */ = {
			isa = PBXGroup;
			children = (
				FAA2F5841FEEF7F700FA15C4 /* Fira_Mono */,
				FAA2F5891FEEF7F700FA15C4 /* Fira_Sans */,
			);
			path = Fonts;
			sourceTree = "<group>";
		};
		FAA2F5841FEEF7F700FA15C4 /* Fira_Mono */ = {
			isa = PBXGroup;
			children = (
				FAA2F5851FEEF7F700FA15C4 /* FiraMono-Medium.ttf */,
				FAA2F5861FEEF7F700FA15C4 /* FiraMono-Regular.ttf */,
				FAA2F5871FEEF7F700FA15C4 /* OFL.txt */,
				FAA2F5881FEEF7F700FA15C4 /* FiraMono-Bold.ttf */,
			);
			path = Fira_Mono;
			sourceTree = "<group>";
		};
		FAA2F5891FEEF7F700FA15C4 /* Fira_Sans */ = {
			isa = PBXGroup;
			children = (
				FAA2F58D1FEEF7F700FA15C4 /* FiraSans-Medium.ttf */,
				FAA2F58F1FEEF7F700FA15C4 /* FiraSans-Bold.ttf */,
				FAA2F5961FEEF7F700FA15C4 /* OFL.txt */,
				FAA2F59B1FEEF7F700FA15C4 /* FiraSans-Regular.ttf */,
			);
			path = Fira_Sans;
			sourceTree = "<group>";
		};
		FAA2F5B41FEF06F100FA15C4 /* Core */ = {
			isa = PBXGroup;
			children = (
				FAA2F5B51FEF071100FA15C4 /* Rule.swift */,
				FA68F26E1FF85A510042840D /* NEFilterFlow+Extension.swift */,
				FABDA3CA1FFEE8B90077C681 /* StaticRules.swift */,
				66865C7C2495A33E0041B62D /* Utilities.swift */,
			);
			path = Core;
			sourceTree = "<group>";
		};
		FAA2F6161FF57DA700FA15C4 /* AwesomeCache */ = {
			isa = PBXGroup;
			children = (
				FAA2F6171FF57DA700FA15C4 /* Example.xcodeproj */,
				FAA2F61A1FF57DA700FA15C4 /* AwesomeCacheTests */,
				FAA2F61D1FF57DA700FA15C4 /* LICENSE */,
				FAA2F61E1FF57DA700FA15C4 /* Example */,
				FAA2F6291FF57DA700FA15C4 /* AwesomeCache.podspec */,
				FAA2F62A1FF57DA700FA15C4 /* README.md */,
				FAA2F62B1FF57DA700FA15C4 /* AwesomeCache */,
				FAA2F6321FF57DA700FA15C4 /* .gitignore */,
				FAA2F6331FF57DA700FA15C4 /* .travis.yml */,
			);
			path = AwesomeCache;
			sourceTree = "<group>";
		};
		FAA2F6181FF57DA700FA15C4 /* Products */ = {
			isa = PBXGroup;
			children = (
				FAA2F63A1FF57DA700FA15C4 /* Example.app */,
				FAA2F63C1FF57DA700FA15C4 /* AwesomeCache.framework */,
				FAA2F63E1FF57DA700FA15C4 /* AwesomeCacheTests.xctest */,
				FAA2F6401FF57DA700FA15C4 /* AwesomeCache.framework */,
				FAA2F6421FF57DA700FA15C4 /* AwesomeCache.framework */,
			);
			name = Products;
			sourceTree = "<group>";
		};
		FAA2F61A1FF57DA700FA15C4 /* AwesomeCacheTests */ = {
			isa = PBXGroup;
			children = (
				FAA2F61B1FF57DA700FA15C4 /* AwesomeCacheTests.swift */,
				FAA2F61C1FF57DA700FA15C4 /* Info.plist */,
			);
			path = AwesomeCacheTests;
			sourceTree = "<group>";
		};
		FAA2F61E1FF57DA700FA15C4 /* Example */ = {
			isa = PBXGroup;
			children = (
				FAA2F61F1FF57DA700FA15C4 /* ViewController.swift */,
				FAA2F6201FF57DA700FA15C4 /* CacheObject.swift */,
				FAA2F6211FF57DA700FA15C4 /* LaunchScreen.xib */,
				FAA2F6231FF57DA700FA15C4 /* Main.storyboard */,
				FAA2F6251FF57DA700FA15C4 /* Cache.swift */,
				FAA2F6261FF57DA700FA15C4 /* Images.xcassets */,
				FAA2F6271FF57DA700FA15C4 /* AppDelegate.swift */,
				FAA2F6281FF57DA700FA15C4 /* Info.plist */,
			);
			path = Example;
			sourceTree = "<group>";
		};
		FAA2F62B1FF57DA700FA15C4 /* AwesomeCache */ = {
			isa = PBXGroup;
			children = (
				FAA2F62C1FF57DA700FA15C4 /* NSKeyedUnarchiverWrapper.h */,
				FAA2F62D1FF57DA700FA15C4 /* CacheObject.swift */,
				FAA2F62E1FF57DA700FA15C4 /* AwesomeCache.h */,
				FAA2F62F1FF57DA700FA15C4 /* Cache.swift */,
				FAA2F6301FF57DA700FA15C4 /* NSKeyedUnarchiverWrapper.m */,
				FAA2F6311FF57DA700FA15C4 /* Info.plist */,
			);
			path = AwesomeCache;
			sourceTree = "<group>";
		};
/* End PBXGroup section */

/* Begin PBXNativeTarget section */
		FAA2F5401FEEF25B00FA15C4 /* Sift */ = {
			isa = PBXNativeTarget;
			buildConfigurationList = FAA2F5561FEEF25B00FA15C4 /* Build configuration list for PBXNativeTarget "Sift" */;
			buildPhases = (
				23D8BD250A2F9192A0DD001E /* [CP] Check Pods Manifest.lock */,
				FAA2F53D1FEEF25B00FA15C4 /* Sources */,
				FAA2F53E1FEEF25B00FA15C4 /* Frameworks */,
				FAA2F53F1FEEF25B00FA15C4 /* Resources */,
				FAA2F5701FEEF51200FA15C4 /* Embed App Extensions */,
				FAA2F6521FF594B300FA15C4 /* Embed Frameworks */,
				D5AE3884998328D5DA6D234D /* [CP] Embed Pods Frameworks */,
			);
			buildRules = (
			);
			dependencies = (
				FAA2F56B1FEEF51200FA15C4 /* PBXTargetDependency */,
				FAA2F57D1FEEF53000FA15C4 /* PBXTargetDependency */,
			);
			name = Sift;
			productName = Sift;
			productReference = FAA2F5411FEEF25B00FA15C4 /* Sift.app */;
			productType = "com.apple.product-type.application";
		};
		FAA2F5631FEEF51100FA15C4 /* SiftData */ = {
			isa = PBXNativeTarget;
			buildConfigurationList = FAA2F56D1FEEF51200FA15C4 /* Build configuration list for PBXNativeTarget "SiftData" */;
			buildPhases = (
				FC25F0C44D2B75967DB7F036 /* [CP] Check Pods Manifest.lock */,
				FAA2F5601FEEF51100FA15C4 /* Sources */,
				FAA2F5611FEEF51100FA15C4 /* Frameworks */,
				FAA2F5621FEEF51100FA15C4 /* Resources */,
			);
			buildRules = (
			);
			dependencies = (
			);
			name = SiftData;
			productName = SiftData;
			productReference = FAA2F5641FEEF51100FA15C4 /* SiftData.appex */;
			productType = "com.apple.product-type.app-extension";
		};
		FAA2F5751FEEF53000FA15C4 /* SiftControl */ = {
			isa = PBXNativeTarget;
			buildConfigurationList = FAA2F57F1FEEF53100FA15C4 /* Build configuration list for PBXNativeTarget "SiftControl" */;
			buildPhases = (
				26CB91691CC593BBDD1D0166 /* [CP] Check Pods Manifest.lock */,
				FAA2F5721FEEF53000FA15C4 /* Sources */,
				FAA2F5731FEEF53000FA15C4 /* Frameworks */,
				FAA2F5741FEEF53000FA15C4 /* Resources */,
			);
			buildRules = (
			);
			dependencies = (
			);
			name = SiftControl;
			productName = SiftControl;
			productReference = FAA2F5761FEEF53000FA15C4 /* SiftControl.appex */;
			productType = "com.apple.product-type.app-extension";
		};
/* End PBXNativeTarget section */

/* Begin PBXProject section */
		FAA2F5391FEEF25B00FA15C4 /* Project object */ = {
			isa = PBXProject;
			attributes = {
				LastSwiftUpdateCheck = 0920;
				LastUpgradeCheck = 1010;
				ORGANIZATIONNAME = "Brandon Kane";
				TargetAttributes = {
					FAA2F5401FEEF25B00FA15C4 = {
						CreatedOnToolsVersion = 9.2;
						LastSwiftMigration = 1150;
						ProvisioningStyle = Automatic;
						SystemCapabilities = {
							com.apple.ApplicationGroups.iOS = {
								enabled = 1;
							};
							com.apple.Keychain = {
								enabled = 1;
							};
							com.apple.NetworkExtensions.iOS = {
								enabled = 1;
							};
							com.apple.Push = {
								enabled = 1;
							};
						};
					};
					FAA2F5631FEEF51100FA15C4 = {
						CreatedOnToolsVersion = 9.2;
						LastSwiftMigration = 1150;
						ProvisioningStyle = Automatic;
						SystemCapabilities = {
							com.apple.ApplicationGroups.iOS = {
								enabled = 1;
							};
							com.apple.NetworkExtensions.iOS = {
								enabled = 1;
							};
						};
					};
					FAA2F5751FEEF53000FA15C4 = {
						CreatedOnToolsVersion = 9.2;
						LastSwiftMigration = 1150;
						ProvisioningStyle = Automatic;
						SystemCapabilities = {
							com.apple.ApplicationGroups.iOS = {
								enabled = 1;
							};
							com.apple.NetworkExtensions.iOS = {
								enabled = 1;
							};
							com.apple.Push = {
								enabled = 1;
							};
						};
					};
				};
			};
			buildConfigurationList = FAA2F53C1FEEF25B00FA15C4 /* Build configuration list for PBXProject "Sift" */;
			compatibilityVersion = "Xcode 8.0";
			developmentRegion = en;
			hasScannedForEncodings = 0;
			knownRegions = (
				en,
				Base,
			);
			mainGroup = FAA2F5381FEEF25B00FA15C4;
			productRefGroup = FAA2F5421FEEF25B00FA15C4 /* Products */;
			projectDirPath = "";
			projectReferences = (
				{
					ProductGroup = FAA2F6181FF57DA700FA15C4 /* Products */;
					ProjectRef = FAA2F6171FF57DA700FA15C4 /* Example.xcodeproj */;
				},
			);
			projectRoot = "";
			targets = (
				FAA2F5401FEEF25B00FA15C4 /* Sift */,
				FAA2F5631FEEF51100FA15C4 /* SiftData */,
				FAA2F5751FEEF53000FA15C4 /* SiftControl */,
			);
		};
/* End PBXProject section */

/* Begin PBXReferenceProxy section */
		FAA2F63A1FF57DA700FA15C4 /* Example.app */ = {
			isa = PBXReferenceProxy;
			fileType = wrapper.application;
			path = Example.app;
			remoteRef = FAA2F6391FF57DA700FA15C4 /* PBXContainerItemProxy */;
			sourceTree = BUILT_PRODUCTS_DIR;
		};
		FAA2F63C1FF57DA700FA15C4 /* AwesomeCache.framework */ = {
			isa = PBXReferenceProxy;
			fileType = wrapper.framework;
			path = AwesomeCache.framework;
			remoteRef = FAA2F63B1FF57DA700FA15C4 /* PBXContainerItemProxy */;
			sourceTree = BUILT_PRODUCTS_DIR;
		};
		FAA2F63E1FF57DA700FA15C4 /* AwesomeCacheTests.xctest */ = {
			isa = PBXReferenceProxy;
			fileType = wrapper.cfbundle;
			path = AwesomeCacheTests.xctest;
			remoteRef = FAA2F63D1FF57DA700FA15C4 /* PBXContainerItemProxy */;
			sourceTree = BUILT_PRODUCTS_DIR;
		};
		FAA2F6401FF57DA700FA15C4 /* AwesomeCache.framework */ = {
			isa = PBXReferenceProxy;
			fileType = wrapper.framework;
			path = AwesomeCache.framework;
			remoteRef = FAA2F63F1FF57DA700FA15C4 /* PBXContainerItemProxy */;
			sourceTree = BUILT_PRODUCTS_DIR;
		};
		FAA2F6421FF57DA700FA15C4 /* AwesomeCache.framework */ = {
			isa = PBXReferenceProxy;
			fileType = wrapper.framework;
			path = AwesomeCache.framework;
			remoteRef = FAA2F6411FF57DA700FA15C4 /* PBXContainerItemProxy */;
			sourceTree = BUILT_PRODUCTS_DIR;
		};
/* End PBXReferenceProxy section */

/* Begin PBXResourcesBuildPhase section */
		FAA2F53F1FEEF25B00FA15C4 /* Resources */ = {
			isa = PBXResourcesBuildPhase;
			buildActionMask = 2147483647;
			files = (
				FAA2F59F1FEEF7F700FA15C4 /* OFL.txt in Resources */,
				FAA2F5A01FEEF7F700FA15C4 /* FiraMono-Bold.ttf in Resources */,
				FAA2F59D1FEEF7F700FA15C4 /* FiraMono-Medium.ttf in Resources */,
				FA68F2741FF85E190042840D /* Onboarding.storyboard in Resources */,
				FAA2F5521FEEF25B00FA15C4 /* LaunchScreen.storyboard in Resources */,
				FAA2F54F1FEEF25B00FA15C4 /* Assets.xcassets in Resources */,
				FAA2F59E1FEEF7F700FA15C4 /* FiraMono-Regular.ttf in Resources */,
				66865C832496BC0B0041B62D /* ToggleTableViewCell.xib in Resources */,
				FAA2F5A41FEEF7F700FA15C4 /* FiraSans-Medium.ttf in Resources */,
				FAA2F5A61FEEF7F700FA15C4 /* FiraSans-Bold.ttf in Resources */,
				FAA2F54A1FEEF25B00FA15C4 /* Main.storyboard in Resources */,
				FAA2F5B21FEEF7F700FA15C4 /* FiraSans-Regular.ttf in Resources */,
			);
			runOnlyForDeploymentPostprocessing = 0;
		};
		FAA2F5621FEEF51100FA15C4 /* Resources */ = {
			isa = PBXResourcesBuildPhase;
			buildActionMask = 2147483647;
			files = (
				FA68F2751FF85E190042840D /* Onboarding.storyboard in Resources */,
			);
			runOnlyForDeploymentPostprocessing = 0;
		};
		FAA2F5741FEEF53000FA15C4 /* Resources */ = {
			isa = PBXResourcesBuildPhase;
			buildActionMask = 2147483647;
			files = (
				FA68F2761FF85E190042840D /* Onboarding.storyboard in Resources */,
			);
			runOnlyForDeploymentPostprocessing = 0;
		};
/* End PBXResourcesBuildPhase section */

/* Begin PBXShellScriptBuildPhase section */
		23D8BD250A2F9192A0DD001E /* [CP] Check Pods Manifest.lock */ = {
			isa = PBXShellScriptBuildPhase;
			buildActionMask = 2147483647;
			files = (
			);
			inputFileListPaths = (
			);
			inputPaths = (
				"${PODS_PODFILE_DIR_PATH}/Podfile.lock",
				"${PODS_ROOT}/Manifest.lock",
			);
			name = "[CP] Check Pods Manifest.lock";
			outputFileListPaths = (
			);
			outputPaths = (
				"$(DERIVED_FILE_DIR)/Pods-Sift-checkManifestLockResult.txt",
			);
			runOnlyForDeploymentPostprocessing = 0;
			shellPath = /bin/sh;
			shellScript = "diff \"${PODS_PODFILE_DIR_PATH}/Podfile.lock\" \"${PODS_ROOT}/Manifest.lock\" > /dev/null\nif [ $? != 0 ] ; then\n    # print error to STDERR\n    echo \"error: The sandbox is not in sync with the Podfile.lock. Run 'pod install' or update your CocoaPods installation.\" >&2\n    exit 1\nfi\n# This output is used by Xcode 'outputs' to avoid re-running this script phase.\necho \"SUCCESS\" > \"${SCRIPT_OUTPUT_FILE_0}\"\n";
			showEnvVarsInLog = 0;
		};
		26CB91691CC593BBDD1D0166 /* [CP] Check Pods Manifest.lock */ = {
			isa = PBXShellScriptBuildPhase;
			buildActionMask = 2147483647;
			files = (
			);
			inputFileListPaths = (
			);
			inputPaths = (
				"${PODS_PODFILE_DIR_PATH}/Podfile.lock",
				"${PODS_ROOT}/Manifest.lock",
			);
			name = "[CP] Check Pods Manifest.lock";
			outputFileListPaths = (
			);
			outputPaths = (
				"$(DERIVED_FILE_DIR)/Pods-SiftControl-checkManifestLockResult.txt",
			);
			runOnlyForDeploymentPostprocessing = 0;
			shellPath = /bin/sh;
			shellScript = "diff \"${PODS_PODFILE_DIR_PATH}/Podfile.lock\" \"${PODS_ROOT}/Manifest.lock\" > /dev/null\nif [ $? != 0 ] ; then\n    # print error to STDERR\n    echo \"error: The sandbox is not in sync with the Podfile.lock. Run 'pod install' or update your CocoaPods installation.\" >&2\n    exit 1\nfi\n# This output is used by Xcode 'outputs' to avoid re-running this script phase.\necho \"SUCCESS\" > \"${SCRIPT_OUTPUT_FILE_0}\"\n";
			showEnvVarsInLog = 0;
		};
		D5AE3884998328D5DA6D234D /* [CP] Embed Pods Frameworks */ = {
			isa = PBXShellScriptBuildPhase;
			buildActionMask = 2147483647;
			files = (
			);
			inputFileListPaths = (
			);
			inputPaths = (
				"${SRCROOT}/Pods/Target Support Files/Pods-Sift/Pods-Sift-frameworks.sh",
				"${BUILT_PRODUCTS_DIR}/Kingfisher/Kingfisher.framework",
				"${BUILT_PRODUCTS_DIR}/Realm/Realm.framework",
				"${BUILT_PRODUCTS_DIR}/RealmSwift/RealmSwift.framework",
				"${BUILT_PRODUCTS_DIR}/SwiftyBeaver/SwiftyBeaver.framework",
			);
			name = "[CP] Embed Pods Frameworks";
			outputFileListPaths = (
			);
			outputPaths = (
				"${TARGET_BUILD_DIR}/${FRAMEWORKS_FOLDER_PATH}/Kingfisher.framework",
				"${TARGET_BUILD_DIR}/${FRAMEWORKS_FOLDER_PATH}/Realm.framework",
				"${TARGET_BUILD_DIR}/${FRAMEWORKS_FOLDER_PATH}/RealmSwift.framework",
				"${TARGET_BUILD_DIR}/${FRAMEWORKS_FOLDER_PATH}/SwiftyBeaver.framework",
			);
			runOnlyForDeploymentPostprocessing = 0;
			shellPath = /bin/sh;
			shellScript = "\"${SRCROOT}/Pods/Target Support Files/Pods-Sift/Pods-Sift-frameworks.sh\"\n";
			showEnvVarsInLog = 0;
		};
		FC25F0C44D2B75967DB7F036 /* [CP] Check Pods Manifest.lock */ = {
			isa = PBXShellScriptBuildPhase;
			buildActionMask = 2147483647;
			files = (
			);
			inputFileListPaths = (
			);
			inputPaths = (
				"${PODS_PODFILE_DIR_PATH}/Podfile.lock",
				"${PODS_ROOT}/Manifest.lock",
			);
			name = "[CP] Check Pods Manifest.lock";
			outputFileListPaths = (
			);
			outputPaths = (
				"$(DERIVED_FILE_DIR)/Pods-SiftData-checkManifestLockResult.txt",
			);
			runOnlyForDeploymentPostprocessing = 0;
			shellPath = /bin/sh;
			shellScript = "diff \"${PODS_PODFILE_DIR_PATH}/Podfile.lock\" \"${PODS_ROOT}/Manifest.lock\" > /dev/null\nif [ $? != 0 ] ; then\n    # print error to STDERR\n    echo \"error: The sandbox is not in sync with the Podfile.lock. Run 'pod install' or update your CocoaPods installation.\" >&2\n    exit 1\nfi\n# This output is used by Xcode 'outputs' to avoid re-running this script phase.\necho \"SUCCESS\" > \"${SCRIPT_OUTPUT_FILE_0}\"\n";
			showEnvVarsInLog = 0;
		};
/* End PBXShellScriptBuildPhase section */

/* Begin PBXSourcesBuildPhase section */
		FAA2F53D1FEEF25B00FA15C4 /* Sources */ = {
			isa = PBXSourcesBuildPhase;
			buildActionMask = 2147483647;
			files = (
				66865C7D2495A33E0041B62D /* Utilities.swift in Sources */,
				66A0360C248DC7D300B51538 /* IndividualHostTableViewController.swift in Sources */,
				6668CDD0248DA1650017D874 /* HostsTableViewController.swift in Sources */,
				66B1A09C249318450010F343 /* AppTableViewCell.swift in Sources */,
				FAA2F5BA1FEF0FB700FA15C4 /* UIViewController+Util.swift in Sources */,
				FAA2F5C51FEF6FD100FA15C4 /* Constants.swift in Sources */,
				FABDA3CB1FFEE8B90077C681 /* StaticRules.swift in Sources */,
				FAA2F5D61FEF738C00FA15C4 /* Notification.swift in Sources */,
				66C9D33D2491DC1C009E7A94 /* RulePreloader.swift in Sources */,
				66865C822496BC0B0041B62D /* ToggleTableViewCell.swift in Sources */,
				FAA2F5B61FEF071100FA15C4 /* Rule.swift in Sources */,
				FA68F26F1FF85A510042840D /* NEFilterFlow+Extension.swift in Sources */,
				FA98E6BD20C637C20010643C /* AboutController.swift in Sources */,
				FABDA3C91FFEE1940077C681 /* OnboardingController.swift in Sources */,
				66BB94DA248DD1F20076D55B /* HostsForAppTableViewController.swift in Sources */,
				66BB94D8248DCD4E0076D55B /* AppsTableViewController.swift in Sources */,
				6668CDC6248D1E810017D874 /* Models.swift in Sources */,
				FAA2F5451FEEF25B00FA15C4 /* AppDelegate.swift in Sources */,
				6668CDCA248D214E0017D874 /* Database.swift in Sources */,
				FAA2F5FC1FF569DB00FA15C4 /* Resources.swift in Sources */,
				66865C852496BCD70041B62D /* SettingsTableViewController.swift in Sources */,
			);
			runOnlyForDeploymentPostprocessing = 0;
		};
		FAA2F5601FEEF51100FA15C4 /* Sources */ = {
			isa = PBXSourcesBuildPhase;
			buildActionMask = 2147483647;
			files = (
				FAA2F5C61FEF6FD100FA15C4 /* Constants.swift in Sources */,
				FAA2F5671FEEF51200FA15C4 /* FilterDataProvider.swift in Sources */,
				FA0A6B2D20C4A41C00222EF2 /* StaticRules.swift in Sources */,
				6668CDCB248D214E0017D874 /* Database.swift in Sources */,
				6668CDC7248D1E810017D874 /* Models.swift in Sources */,
				FA68F2701FF85A510042840D /* NEFilterFlow+Extension.swift in Sources */,
				FAA2F5B71FEF071100FA15C4 /* Rule.swift in Sources */,
			);
			runOnlyForDeploymentPostprocessing = 0;
		};
		FAA2F5721FEEF53000FA15C4 /* Sources */ = {
			isa = PBXSourcesBuildPhase;
			buildActionMask = 2147483647;
			files = (
				FAA2F5C71FEF6FD100FA15C4 /* Constants.swift in Sources */,
				FA68F2711FF85A510042840D /* NEFilterFlow+Extension.swift in Sources */,
				FAA2F5791FEEF53000FA15C4 /* FilterControlProvider.swift in Sources */,
				FA0A6B2B20C4A41A00222EF2 /* StaticRules.swift in Sources */,
				FAA2F5B81FEF071100FA15C4 /* Rule.swift in Sources */,
				6668CDC8248D1E810017D874 /* Models.swift in Sources */,
				6668CDCC248D214E0017D874 /* Database.swift in Sources */,
			);
			runOnlyForDeploymentPostprocessing = 0;
		};
/* End PBXSourcesBuildPhase section */

/* Begin PBXTargetDependency section */
		FAA2F56B1FEEF51200FA15C4 /* PBXTargetDependency */ = {
			isa = PBXTargetDependency;
			target = FAA2F5631FEEF51100FA15C4 /* SiftData */;
			targetProxy = FAA2F56A1FEEF51200FA15C4 /* PBXContainerItemProxy */;
		};
		FAA2F57D1FEEF53000FA15C4 /* PBXTargetDependency */ = {
			isa = PBXTargetDependency;
			target = FAA2F5751FEEF53000FA15C4 /* SiftControl */;
			targetProxy = FAA2F57C1FEEF53000FA15C4 /* PBXContainerItemProxy */;
		};
/* End PBXTargetDependency section */

/* Begin PBXVariantGroup section */
		FAA2F5481FEEF25B00FA15C4 /* Main.storyboard */ = {
			isa = PBXVariantGroup;
			children = (
				FAA2F5491FEEF25B00FA15C4 /* Base */,
			);
			name = Main.storyboard;
			sourceTree = "<group>";
		};
		FAA2F5501FEEF25B00FA15C4 /* LaunchScreen.storyboard */ = {
			isa = PBXVariantGroup;
			children = (
				FAA2F5511FEEF25B00FA15C4 /* Base */,
			);
			name = LaunchScreen.storyboard;
			sourceTree = "<group>";
		};
		FAA2F6211FF57DA700FA15C4 /* LaunchScreen.xib */ = {
			isa = PBXVariantGroup;
			children = (
				FAA2F6221FF57DA700FA15C4 /* Base */,
			);
			name = LaunchScreen.xib;
			sourceTree = "<group>";
		};
		FAA2F6231FF57DA700FA15C4 /* Main.storyboard */ = {
			isa = PBXVariantGroup;
			children = (
				FAA2F6241FF57DA700FA15C4 /* Base */,
			);
			name = Main.storyboard;
			sourceTree = "<group>";
		};
/* End PBXVariantGroup section */

/* Begin XCBuildConfiguration section */
		FAA2F5541FEEF25B00FA15C4 /* Debug */ = {
			isa = XCBuildConfiguration;
			buildSettings = {
				ALWAYS_SEARCH_USER_PATHS = NO;
				CLANG_ANALYZER_NONNULL = YES;
				CLANG_ANALYZER_NUMBER_OBJECT_CONVERSION = YES_AGGRESSIVE;
				CLANG_CXX_LANGUAGE_STANDARD = "gnu++14";
				CLANG_CXX_LIBRARY = "libc++";
				CLANG_ENABLE_MODULES = YES;
				CLANG_ENABLE_OBJC_ARC = YES;
				CLANG_WARN_BLOCK_CAPTURE_AUTORELEASING = YES;
				CLANG_WARN_BOOL_CONVERSION = YES;
				CLANG_WARN_COMMA = YES;
				CLANG_WARN_CONSTANT_CONVERSION = YES;
				CLANG_WARN_DEPRECATED_OBJC_IMPLEMENTATIONS = YES;
				CLANG_WARN_DIRECT_OBJC_ISA_USAGE = YES_ERROR;
				CLANG_WARN_DOCUMENTATION_COMMENTS = YES;
				CLANG_WARN_EMPTY_BODY = YES;
				CLANG_WARN_ENUM_CONVERSION = YES;
				CLANG_WARN_INFINITE_RECURSION = YES;
				CLANG_WARN_INT_CONVERSION = YES;
				CLANG_WARN_NON_LITERAL_NULL_CONVERSION = YES;
				CLANG_WARN_OBJC_IMPLICIT_RETAIN_SELF = YES;
				CLANG_WARN_OBJC_LITERAL_CONVERSION = YES;
				CLANG_WARN_OBJC_ROOT_CLASS = YES_ERROR;
				CLANG_WARN_RANGE_LOOP_ANALYSIS = YES;
				CLANG_WARN_STRICT_PROTOTYPES = YES;
				CLANG_WARN_SUSPICIOUS_MOVE = YES;
				CLANG_WARN_UNGUARDED_AVAILABILITY = YES_AGGRESSIVE;
				CLANG_WARN_UNREACHABLE_CODE = YES;
				CLANG_WARN__DUPLICATE_METHOD_MATCH = YES;
				CODE_SIGN_IDENTITY = "iPhone Developer";
				COPY_PHASE_STRIP = NO;
				DEBUG_INFORMATION_FORMAT = dwarf;
				ENABLE_STRICT_OBJC_MSGSEND = YES;
				ENABLE_TESTABILITY = YES;
				GCC_C_LANGUAGE_STANDARD = gnu11;
				GCC_DYNAMIC_NO_PIC = NO;
				GCC_NO_COMMON_BLOCKS = YES;
				GCC_OPTIMIZATION_LEVEL = 0;
				GCC_PREPROCESSOR_DEFINITIONS = (
					"DEBUG=1",
					"$(inherited)",
				);
				GCC_WARN_64_TO_32_BIT_CONVERSION = YES;
				GCC_WARN_ABOUT_RETURN_TYPE = YES_ERROR;
				GCC_WARN_UNDECLARED_SELECTOR = YES;
				GCC_WARN_UNINITIALIZED_AUTOS = YES_AGGRESSIVE;
				GCC_WARN_UNUSED_FUNCTION = YES;
				GCC_WARN_UNUSED_VARIABLE = YES;
				IPHONEOS_DEPLOYMENT_TARGET = 13.5;
				MTL_ENABLE_DEBUG_INFO = YES;
				ONLY_ACTIVE_ARCH = YES;
				SDKROOT = iphoneos;
				SWIFT_ACTIVE_COMPILATION_CONDITIONS = DEBUG;
				SWIFT_OPTIMIZATION_LEVEL = "-Onone";
			};
			name = Debug;
		};
		FAA2F5551FEEF25B00FA15C4 /* Release */ = {
			isa = XCBuildConfiguration;
			buildSettings = {
				ALWAYS_SEARCH_USER_PATHS = NO;
				CLANG_ANALYZER_NONNULL = YES;
				CLANG_ANALYZER_NUMBER_OBJECT_CONVERSION = YES_AGGRESSIVE;
				CLANG_CXX_LANGUAGE_STANDARD = "gnu++14";
				CLANG_CXX_LIBRARY = "libc++";
				CLANG_ENABLE_MODULES = YES;
				CLANG_ENABLE_OBJC_ARC = YES;
				CLANG_WARN_BLOCK_CAPTURE_AUTORELEASING = YES;
				CLANG_WARN_BOOL_CONVERSION = YES;
				CLANG_WARN_COMMA = YES;
				CLANG_WARN_CONSTANT_CONVERSION = YES;
				CLANG_WARN_DEPRECATED_OBJC_IMPLEMENTATIONS = YES;
				CLANG_WARN_DIRECT_OBJC_ISA_USAGE = YES_ERROR;
				CLANG_WARN_DOCUMENTATION_COMMENTS = YES;
				CLANG_WARN_EMPTY_BODY = YES;
				CLANG_WARN_ENUM_CONVERSION = YES;
				CLANG_WARN_INFINITE_RECURSION = YES;
				CLANG_WARN_INT_CONVERSION = YES;
				CLANG_WARN_NON_LITERAL_NULL_CONVERSION = YES;
				CLANG_WARN_OBJC_IMPLICIT_RETAIN_SELF = YES;
				CLANG_WARN_OBJC_LITERAL_CONVERSION = YES;
				CLANG_WARN_OBJC_ROOT_CLASS = YES_ERROR;
				CLANG_WARN_RANGE_LOOP_ANALYSIS = YES;
				CLANG_WARN_STRICT_PROTOTYPES = YES;
				CLANG_WARN_SUSPICIOUS_MOVE = YES;
				CLANG_WARN_UNGUARDED_AVAILABILITY = YES_AGGRESSIVE;
				CLANG_WARN_UNREACHABLE_CODE = YES;
				CLANG_WARN__DUPLICATE_METHOD_MATCH = YES;
				CODE_SIGN_IDENTITY = "iPhone Developer";
				COPY_PHASE_STRIP = NO;
				DEBUG_INFORMATION_FORMAT = "dwarf-with-dsym";
				ENABLE_NS_ASSERTIONS = NO;
				ENABLE_STRICT_OBJC_MSGSEND = YES;
				GCC_C_LANGUAGE_STANDARD = gnu11;
				GCC_NO_COMMON_BLOCKS = YES;
				GCC_WARN_64_TO_32_BIT_CONVERSION = YES;
				GCC_WARN_ABOUT_RETURN_TYPE = YES_ERROR;
				GCC_WARN_UNDECLARED_SELECTOR = YES;
				GCC_WARN_UNINITIALIZED_AUTOS = YES_AGGRESSIVE;
				GCC_WARN_UNUSED_FUNCTION = YES;
				GCC_WARN_UNUSED_VARIABLE = YES;
				IPHONEOS_DEPLOYMENT_TARGET = 13.5;
				MTL_ENABLE_DEBUG_INFO = NO;
				SDKROOT = iphoneos;
				SWIFT_OPTIMIZATION_LEVEL = "-Owholemodule";
				VALIDATE_PRODUCT = YES;
			};
			name = Release;
		};
		FAA2F5571FEEF25B00FA15C4 /* Debug */ = {
			isa = XCBuildConfiguration;
			baseConfigurationReference = B2E2BBD1CE87C93E9193A6F8 /* Pods-Sift.debug.xcconfig */;
			buildSettings = {
				ALWAYS_EMBED_SWIFT_STANDARD_LIBRARIES = YES;
				ASSETCATALOG_COMPILER_APPICON_NAME = AppIcon;
				ASSETCATALOG_COMPILER_LAUNCHIMAGE_NAME = "";
				CODE_SIGN_ENTITLEMENTS = Sift/Sift.entitlements;
				CODE_SIGN_STYLE = Automatic;
				DEVELOPMENT_TEAM = 688768UGBA;
				INFOPLIST_FILE = Sift/Info.plist;
				IPHONEOS_DEPLOYMENT_TARGET = 13.5;
				LD_RUNPATH_SEARCH_PATHS = "$(inherited) @executable_path/Frameworks";
				PRODUCT_BUNDLE_IDENTIFIER = com.brandonkane.Sift;
				PRODUCT_NAME = "$(TARGET_NAME)";
				SWIFT_VERSION = 5.0;
				TARGETED_DEVICE_FAMILY = "1,2";
			};
			name = Debug;
		};
		FAA2F5581FEEF25B00FA15C4 /* Release */ = {
			isa = XCBuildConfiguration;
			baseConfigurationReference = 83CD9F2BE075272985826410 /* Pods-Sift.release.xcconfig */;
			buildSettings = {
				ALWAYS_EMBED_SWIFT_STANDARD_LIBRARIES = YES;
				ASSETCATALOG_COMPILER_APPICON_NAME = AppIcon;
				ASSETCATALOG_COMPILER_LAUNCHIMAGE_NAME = "";
				CODE_SIGN_ENTITLEMENTS = Sift/Sift.entitlements;
				CODE_SIGN_STYLE = Automatic;
				DEVELOPMENT_TEAM = 688768UGBA;
				INFOPLIST_FILE = Sift/Info.plist;
				IPHONEOS_DEPLOYMENT_TARGET = 13.5;
				LD_RUNPATH_SEARCH_PATHS = "$(inherited) @executable_path/Frameworks";
				PRODUCT_BUNDLE_IDENTIFIER = com.brandonkane.Sift;
				PRODUCT_NAME = "$(TARGET_NAME)";
				SWIFT_VERSION = 5.0;
				TARGETED_DEVICE_FAMILY = "1,2";
			};
			name = Release;
		};
		FAA2F56E1FEEF51200FA15C4 /* Debug */ = {
			isa = XCBuildConfiguration;
			baseConfigurationReference = 3DF01AFADC90A6F505CFC4C0 /* Pods-SiftData.debug.xcconfig */;
			buildSettings = {
				CODE_SIGN_ENTITLEMENTS = SiftData/SiftData.entitlements;
				CODE_SIGN_STYLE = Automatic;
				DEVELOPMENT_TEAM = 688768UGBA;
				INFOPLIST_FILE = SiftData/Info.plist;
				IPHONEOS_DEPLOYMENT_TARGET = 13.5;
				LD_RUNPATH_SEARCH_PATHS = "$(inherited) @executable_path/Frameworks @executable_path/../../Frameworks";
				PRODUCT_BUNDLE_IDENTIFIER = com.brandonkane.Sift.SiftData;
				PRODUCT_NAME = "$(TARGET_NAME)";
				SKIP_INSTALL = YES;
				SWIFT_VERSION = 5.0;
				TARGETED_DEVICE_FAMILY = "1,2";
			};
			name = Debug;
		};
		FAA2F56F1FEEF51200FA15C4 /* Release */ = {
			isa = XCBuildConfiguration;
			baseConfigurationReference = DADCE87BE10AE8977D9D3DE9 /* Pods-SiftData.release.xcconfig */;
			buildSettings = {
				CODE_SIGN_ENTITLEMENTS = SiftData/SiftData.entitlements;
				CODE_SIGN_STYLE = Automatic;
				DEVELOPMENT_TEAM = 688768UGBA;
				INFOPLIST_FILE = SiftData/Info.plist;
				IPHONEOS_DEPLOYMENT_TARGET = 13.5;
				LD_RUNPATH_SEARCH_PATHS = "$(inherited) @executable_path/Frameworks @executable_path/../../Frameworks";
				PRODUCT_BUNDLE_IDENTIFIER = com.brandonkane.Sift.SiftData;
				PRODUCT_NAME = "$(TARGET_NAME)";
				SKIP_INSTALL = YES;
				SWIFT_VERSION = 5.0;
				TARGETED_DEVICE_FAMILY = "1,2";
			};
			name = Release;
		};
		FAA2F5801FEEF53100FA15C4 /* Debug */ = {
			isa = XCBuildConfiguration;
			baseConfigurationReference = 8A2FA62BA6764FA6D914B8DD /* Pods-SiftControl.debug.xcconfig */;
			buildSettings = {
				CODE_SIGN_ENTITLEMENTS = SiftControl/SiftControl.entitlements;
				CODE_SIGN_STYLE = Automatic;
				DEVELOPMENT_TEAM = 688768UGBA;
				INFOPLIST_FILE = SiftControl/Info.plist;
				IPHONEOS_DEPLOYMENT_TARGET = 13.5;
				LD_RUNPATH_SEARCH_PATHS = "$(inherited) @executable_path/Frameworks @executable_path/../../Frameworks";
				PRODUCT_BUNDLE_IDENTIFIER = com.brandonkane.Sift.SiftControl;
				PRODUCT_NAME = "$(TARGET_NAME)";
				SKIP_INSTALL = YES;
				SWIFT_VERSION = 5.0;
				TARGETED_DEVICE_FAMILY = "1,2";
			};
			name = Debug;
		};
		FAA2F5811FEEF53100FA15C4 /* Release */ = {
			isa = XCBuildConfiguration;
			baseConfigurationReference = 4459E50C3EA1C3965DFC7094 /* Pods-SiftControl.release.xcconfig */;
			buildSettings = {
				CODE_SIGN_ENTITLEMENTS = SiftControl/SiftControl.entitlements;
				CODE_SIGN_STYLE = Automatic;
				DEVELOPMENT_TEAM = 688768UGBA;
				INFOPLIST_FILE = SiftControl/Info.plist;
				IPHONEOS_DEPLOYMENT_TARGET = 13.5;
				LD_RUNPATH_SEARCH_PATHS = "$(inherited) @executable_path/Frameworks @executable_path/../../Frameworks";
				PRODUCT_BUNDLE_IDENTIFIER = com.brandonkane.Sift.SiftControl;
				PRODUCT_NAME = "$(TARGET_NAME)";
				SKIP_INSTALL = YES;
				SWIFT_VERSION = 5.0;
				TARGETED_DEVICE_FAMILY = "1,2";
			};
			name = Release;
		};
/* End XCBuildConfiguration section */

/* Begin XCConfigurationList section */
		FAA2F53C1FEEF25B00FA15C4 /* Build configuration list for PBXProject "Sift" */ = {
			isa = XCConfigurationList;
			buildConfigurations = (
				FAA2F5541FEEF25B00FA15C4 /* Debug */,
				FAA2F5551FEEF25B00FA15C4 /* Release */,
			);
			defaultConfigurationIsVisible = 0;
			defaultConfigurationName = Release;
		};
		FAA2F5561FEEF25B00FA15C4 /* Build configuration list for PBXNativeTarget "Sift" */ = {
			isa = XCConfigurationList;
			buildConfigurations = (
				FAA2F5571FEEF25B00FA15C4 /* Debug */,
				FAA2F5581FEEF25B00FA15C4 /* Release */,
			);
			defaultConfigurationIsVisible = 0;
			defaultConfigurationName = Release;
		};
		FAA2F56D1FEEF51200FA15C4 /* Build configuration list for PBXNativeTarget "SiftData" */ = {
			isa = XCConfigurationList;
			buildConfigurations = (
				FAA2F56E1FEEF51200FA15C4 /* Debug */,
				FAA2F56F1FEEF51200FA15C4 /* Release */,
			);
			defaultConfigurationIsVisible = 0;
			defaultConfigurationName = Release;
		};
		FAA2F57F1FEEF53100FA15C4 /* Build configuration list for PBXNativeTarget "SiftControl" */ = {
			isa = XCConfigurationList;
			buildConfigurations = (
				FAA2F5801FEEF53100FA15C4 /* Debug */,
				FAA2F5811FEEF53100FA15C4 /* Release */,
			);
			defaultConfigurationIsVisible = 0;
			defaultConfigurationName = Release;
		};
/* End XCConfigurationList section */
	};
	rootObject = FAA2F5391FEEF25B00FA15C4 /* Project object */;
}
